
Microsoft Visual Studio Solution File, Format Version 12.00
# Visual Studio 15
VisualStudioVersion = 15.0.28010.2036
MinimumVisualStudioVersion = 10.0.40219.1
Project("{FAE04EC0-301F-11D3-BF4B-00C04F79EFBC}") = "ElasticSearch", "ElasticSearch\ElasticSearch.csproj", "{E74E8515-D63B-4F83-8F56-BF78E37AA8C9}"
EndProject
Global
	GlobalSection(SolutionConfigurationPlatforms) = preSolution
		Debug|Any CPU = Debug|Any CPU
		Release|Any CPU = Release|Any CPU
	EndGlobalSection
	GlobalSection(ProjectConfigurationPlatforms) = postSolution
		{E74E8515-D63B-4F83-8F56-BF78E37AA8C9}.Debug|Any CPU.ActiveCfg = Debug|Any CPU
		{E74E8515-D63B-4F83-8F56-BF78E37AA8C9}.Debug|Any CPU.Build.0 = Debug|Any CPU
		{E74E8515-D63B-4F83-8F56-BF78E37AA8C9}.Release|Any CPU.ActiveCfg = Release|Any CPU
		{E74E8515-D63B-4F83-8F56-BF78E37AA8C9}.Release|Any CPU.Build.0 = Release|Any CPU
	EndGlobalSection
	GlobalSection(SolutionProperties) = preSolution
		HideSolutionNode = FALSE
	EndGlobalSection
	GlobalSection(ExtensibilityGlobals) = postSolution
		SolutionGuid = {865AC757-7966-4C17-BBC8-BB363E52B6A6}
	EndGlobalSection
EndGlobal
